// !$*UTF8*$!
{
	archiveVersion = 1;
	classes = {
	};
	objectVersion = 48;
	objects = {

/* Begin PBXBuildFile section */
		9B0C31B9201CE4A3005BDBBB /* AppDelegate.swift in Sources */ = {isa = PBXBuildFile; fileRef = 9B0C31B8201CE4A3005BDBBB /* AppDelegate.swift */; };
		9B0C31BE201CE4A3005BDBBB /* Main.storyboard in Resources */ = {isa = PBXBuildFile; fileRef = 9B0C31BC201CE4A3005BDBBB /* Main.storyboard */; };
		9B0C31C0201CE4A3005BDBBB /* Assets.xcassets in Resources */ = {isa = PBXBuildFile; fileRef = 9B0C31BF201CE4A3005BDBBB /* Assets.xcassets */; };
		9B0C31C3201CE4A3005BDBBB /* LaunchScreen.storyboard in Resources */ = {isa = PBXBuildFile; fileRef = 9B0C31C1201CE4A3005BDBBB /* LaunchScreen.storyboard */; };
		9B0C31CB201CE5A0005BDBBB /* TextEntryViewController.swift in Sources */ = {isa = PBXBuildFile; fileRef = 9B0C31CA201CE5A0005BDBBB /* TextEntryViewController.swift */; };
		9B0C31CD201CEABF005BDBBB /* KeyboardObserver.swift in Sources */ = {isa = PBXBuildFile; fileRef = 9B0C31CC201CEABF005BDBBB /* KeyboardObserver.swift */; };
/* End PBXBuildFile section */

/* Begin PBXFileReference section */
		9B0C31B5201CE4A3005BDBBB /* KeyboardObserver.app */ = {isa = PBXFileReference; explicitFileType = wrapper.application; includeInIndex = 0; path = KeyboardObserver.app; sourceTree = BUILT_PRODUCTS_DIR; };
		9B0C31B8201CE4A3005BDBBB /* AppDelegate.swift */ = {isa = PBXFileReference; lastKnownFileType = sourcecode.swift; path = AppDelegate.swift; sourceTree = "<group>"; };
		9B0C31BD201CE4A3005BDBBB /* Base */ = {isa = PBXFileReference; lastKnownFileType = file.storyboard; name = Base; path = Base.lproj/Main.storyboard; sourceTree = "<group>"; };
		9B0C31BF201CE4A3005BDBBB /* Assets.xcassets */ = {isa = PBXFileReference; lastKnownFileType = folder.assetcatalog; path = Assets.xcassets; sourceTree = "<group>"; };
		9B0C31C2201CE4A3005BDBBB /* Base */ = {isa = PBXFileReference; lastKnownFileType = file.storyboard; name = Base; path = Base.lproj/LaunchScreen.storyboard; sourceTree = "<group>"; };
		9B0C31C4201CE4A3005BDBBB /* Info.plist */ = {isa = PBXFileReference; lastKnownFileType = text.plist.xml; path = Info.plist; sourceTree = "<group>"; };
		9B0C31CA201CE5A0005BDBBB /* TextEntryViewController.swift */ = {isa = PBXFileReference; lastKnownFileType = sourcecode.swift; path = TextEntryViewController.swift; sourceTree = "<group>"; };
		9B0C31CC201CEABF005BDBBB /* KeyboardObserver.swift */ = {isa = PBXFileReference; lastKnownFileType = sourcecode.swift; path = KeyboardObserver.swift; sourceTree = "<group>"; };
/* End PBXFileReference section */

/* Begin PBXFrameworksBuildPhase section */
		9B0C31B2201CE4A3005BDBBB /* Frameworks */ = {
			isa = PBXFrameworksBuildPhase;
			buildActionMask = 2147483647;
			files = (
			);
			runOnlyForDeploymentPostprocessing = 0;
		};
/* End PBXFrameworksBuildPhase section */

/* Begin PBXGroup section */
		9B0C31AC201CE4A3005BDBBB = {
			isa = PBXGroup;
			children = (
				9B0C31B7201CE4A3005BDBBB /* KeyboardObserver */,
				9B0C31B6201CE4A3005BDBBB /* Products */,
			);
			sourceTree = "<group>";
		};
		9B0C31B6201CE4A3005BDBBB /* Products */ = {
			isa = PBXGroup;
			children = (
				9B0C31B5201CE4A3005BDBBB /* KeyboardObserver.app */,
			);
			name = Products;
			sourceTree = "<group>";
		};
		9B0C31B7201CE4A3005BDBBB /* KeyboardObserver */ = {
			isa = PBXGroup;
			children = (
				9B0C31B8201CE4A3005BDBBB /* AppDelegate.swift */,
				9B0C31CA201CE5A0005BDBBB /* TextEntryViewController.swift */,
				9B0C31CC201CEABF005BDBBB /* KeyboardObserver.swift */,
				9B0C31BC201CE4A3005BDBBB /* Main.storyboard */,
				9B0C31BF201CE4A3005BDBBB /* Assets.xcassets */,
				9B0C31C1201CE4A3005BDBBB /* LaunchScreen.storyboard */,
				9B0C31C4201CE4A3005BDBBB /* Info.plist */,
			);
			path = KeyboardObserver;
			sourceTree = "<group>";
		};
/* End PBXGroup section */

/* Begin PBXNativeTarget section */
		9B0C31B4201CE4A3005BDBBB /* KeyboardObserver */ = {
			isa = PBXNativeTarget;
			buildConfigurationList = 9B0C31C7201CE4A3005BDBBB /* Build configuration list for PBXNativeTarget "KeyboardObserver" */;
			buildPhases = (
				9B0C31B1201CE4A3005BDBBB /* Sources */,
				9B0C31B2201CE4A3005BDBBB /* Frameworks */,
				9B0C31B3201CE4A3005BDBBB /* Resources */,
			);
			buildRules = (
			);
			dependencies = (
			);
			name = KeyboardObserver;
			productName = KeyboardObserver;
			productReference = 9B0C31B5201CE4A3005BDBBB /* KeyboardObserver.app */;
			productType = "com.apple.product-type.application";
		};
/* End PBXNativeTarget section */

/* Begin PBXProject section */
		9B0C31AD201CE4A3005BDBBB /* Project object */ = {
			isa = PBXProject;
			attributes = {
				LastSwiftUpdateCheck = 0920;
				LastUpgradeCheck = 0920;
				ORGANIZATIONNAME = "Todd Kramer";
				TargetAttributes = {
					9B0C31B4201CE4A3005BDBBB = {
						CreatedOnToolsVersion = 9.2;
						ProvisioningStyle = Automatic;
					};
				};
			};
			buildConfigurationList = 9B0C31B0201CE4A3005BDBBB /* Build configuration list for PBXProject "KeyboardObserver" */;
			compatibilityVersion = "Xcode 8.0";
			developmentRegion = en;
			hasScannedForEncodings = 0;
			knownRegions = (
				en,
				Base,
			);
			mainGroup = 9B0C31AC201CE4A3005BDBBB;
			productRefGroup = 9B0C31B6201CE4A3005BDBBB /* Products */;
			projectDirPath = "";
			projectRoot = "";
			targets = (
				9B0C31B4201CE4A3005BDBBB /* KeyboardObserver */,
			);
		};
/* End PBXProject section */

/* Begin PBXResourcesBuildPhase section */
		9B0C31B3201CE4A3005BDBBB /* Resources */ = {
			isa = PBXResourcesBuildPhase;
			buildActionMask = 2147483647;
			files = (
				9B0C31C3201CE4A3005BDBBB /* LaunchScreen.storyboard in Resources */,
				9B0C31C0201CE4A3005BDBBB /* Assets.xcassets in Resources */,
				9B0C31BE201CE4A3005BDBBB /* Main.storyboard in Resources */,
			);
			runOnlyForDeploymentPostprocessing = 0;
		};
/* End PBXResourcesBuildPhase section */

/* Begin PBXSourcesBuildPhase section */
		9B0C31B1201CE4A3005BDBBB /* Sources */ = {
			isa = PBXSourcesBuildPhase;
			buildActionMask = 2147483647;
			files = (
				9B0C31B9201CE4A3005BDBBB /* AppDelegate.swift in Sources */,
				9B0C31CD201CEABF005BDBBB /* KeyboardObserver.swift in Sources */,
				9B0C31CB201CE5A0005BDBBB /* TextEntryViewController.swift in Sources */,
			);
			runOnlyForDeploymentPostprocessing = 0;
		};
/* End PBXSourcesBuildPhase section */

/* Begin PBXVariantGroup section */
		9B0C31BC201CE4A3005BDBBB /* Main.storyboard */ = {
			isa = PBXVariantGroup;
			children = (
				9B0C31BD201CE4A3005BDBBB /* Base */,
			);
			name = Main.storyboard;
			sourceTree = "<group>";
		};
		9B0C31C1201CE4A3005BDBBB /* LaunchScreen.storyboard */ = {
			isa = PBXVariantGroup;
			children = (
				9B0C31C2201CE4A3005BDBBB /* Base */,
			);
			name = LaunchScreen.storyboard;
			sourceTree = "<group>";
		};
/* End PBXVariantGroup section */

/* Begin XCBuildConfiguration section */
		9B0C31C5201CE4A3005BDBBB /* Debug */ = {
			isa = XCBuildConfiguration;
			buildSettings = {
				ALWAYS_SEARCH_USER_PATHS = NO;
				CLANG_ANALYZER_NONNULL = YES;
				CLANG_ANALYZER_NUMBER_OBJECT_CONVERSION = YES_AGGRESSIVE;
				CLANG_CXX_LANGUAGE_STANDARD = "gnu++14";
				CLANG_CXX_LIBRARY = "libc++";
				CLANG_ENABLE_MODULES = YES;
				CLANG_ENABLE_OBJC_ARC = YES;
				CLANG_WARN_BLOCK_CAPTURE_AUTORELEASING = YES;
				CLANG_WARN_BOOL_CONVERSION = YES;
				CLANG_WARN_COMMA = YES;
				CLANG_WARN_CONSTANT_CONVERSION = YES;
				CLANG_WARN_DIRECT_OBJC_ISA_USAGE = YES_ERROR;
				CLANG_WARN_DOCUMENTATION_COMMENTS = YES;
				CLANG_WARN_EMPTY_BODY = YES;
				CLANG_WARN_ENUM_CONVERSION = YES;
				CLANG_WARN_INFINITE_RECURSION = YES;
				CLANG_WARN_INT_CONVERSION = YES;
				CLANG_WARN_NON_LITERAL_NULL_CONVERSION = YES;
				CLANG_WARN_OBJC_LITERAL_CONVERSION = YES;
				CLANG_WARN_OBJC_ROOT_CLASS = YES_ERROR;
				CLANG_WARN_RANGE_LOOP_ANALYSIS = YES;
				CLANG_WARN_STRICT_PROTOTYPES = YES;
				CLANG_WARN_SUSPICIOUS_MOVE = YES;
				CLANG_WARN_UNGUARDED_AVAILABILITY = YES_AGGRESSIVE;
				CLANG_WARN_UNREACHABLE_CODE = YES;
				CLANG_WARN__DUPLICATE_METHOD_MATCH = YES;
				CODE_SIGN_IDENTITY = "iPhone Developer";
				COPY_PHASE_STRIP = NO;
				DEBUG_INFORMATION_FORMAT = dwarf;
				ENABLE_STRICT_OBJC_MSGSEND = YES;
				ENABLE_TESTABILITY = YES;
				GCC_C_LANGUAGE_STANDARD = gnu11;
				GCC_DYNAMIC_NO_PIC = NO;
				GCC_NO_COMMON_BLOCKS = YES;
				GCC_OPTIMIZATION_LEVEL = 0;
				GCC_PREPROCESSOR_DEFINITIONS = (
					"DEBUG=1",
					"$(inherited)",
				);
				GCC_WARN_64_TO_32_BIT_CONVERSION = YES;
				GCC_WARN_ABOUT_RETURN_TYPE = YES_ERROR;
				GCC_WARN_UNDECLARED_SELECTOR = YES;
				GCC_WARN_UNINITIALIZED_AUTOS = YES_AGGRESSIVE;
				GCC_WARN_UNUSED_FUNCTION = YES;
				GCC_WARN_UNUSED_VARIABLE = YES;
				IPHONEOS_DEPLOYMENT_TARGET = 11.2;
				MTL_ENABLE_DEBUG_INFO = YES;
				ONLY_ACTIVE_ARCH = YES;
				SDKROOT = iphoneos;
				SWIFT_ACTIVE_COMPILATION_CONDITIONS = DEBUG;
				SWIFT_OPTIMIZATION_LEVEL = "-Onone";
			};
			name = Debug;
		};
		9B0C31C6201CE4A3005BDBBB /* Release */ = {
			isa = XCBuildConfiguration;
			buildSettings = {
				ALWAYS_SEARCH_USER_PATHS = NO;
				CLANG_ANALYZER_NONNULL = YES;
				CLANG_ANALYZER_NUMBER_OBJECT_CONVERSION = YES_AGGRESSIVE;
				CLANG_CXX_LANGUAGE_STANDARD = "gnu++14";
				CLANG_CXX_LIBRARY = "libc++";
				CLANG_ENABLE_MODULES = YES;
				CLANG_ENABLE_OBJC_ARC = YES;
				CLANG_WARN_BLOCK_CAPTURE_AUTORELEASING = YES;
				CLANG_WARN_BOOL_CONVERSION = YES;
				CLANG_WARN_COMMA = YES;
				CLANG_WARN_CONSTANT_CONVERSION = YES;
				CLANG_WARN_DIRECT_OBJC_ISA_USAGE = YES_ERROR;
				CLANG_WARN_DOCUMENTATION_COMMENTS = YES;
				CLANG_WARN_EMPTY_BODY = YES;
				CLANG_WARN_ENUM_CONVERSION = YES;
				CLANG_WARN_INFINITE_RECURSION = YES;
				CLANG_WARN_INT_CONVERSION = YES;
				CLANG_WARN_NON_LITERAL_NULL_CONVERSION = YES;
				CLANG_WARN_OBJC_LITERAL_CONVERSION = YES;
				CLANG_WARN_OBJC_ROOT_CLASS = YES_ERROR;
				CLANG_WARN_RANGE_LOOP_ANALYSIS = YES;
				CLANG_WARN_STRICT_PROTOTYPES = YES;
				CLANG_WARN_SUSPICIOUS_MOVE = YES;
				CLANG_WARN_UNGUARDED_AVAILABILITY = YES_AGGRESSIVE;
				CLANG_WARN_UNREACHABLE_CODE = YES;
				CLANG_WARN__DUPLICATE_METHOD_MATCH = YES;
				CODE_SIGN_IDENTITY = "iPhone Developer";
				COPY_PHASE_STRIP = NO;
				DEBUG_INFORMATION_FORMAT = "dwarf-with-dsym";
				ENABLE_NS_ASSERTIONS = NO;
				ENABLE_STRICT_OBJC_MSGSEND = YES;
				GCC_C_LANGUAGE_STANDARD = gnu11;
				GCC_NO_COMMON_BLOCKS = YES;
				GCC_WARN_64_TO_32_BIT_CONVERSION = YES;
				GCC_WARN_ABOUT_RETURN_TYPE = YES_ERROR;
				GCC_WARN_UNDECLARED_SELECTOR = YES;
				GCC_WARN_UNINITIALIZED_AUTOS = YES_AGGRESSIVE;
				GCC_WARN_UNUSED_FUNCTION = YES;
				GCC_WARN_UNUSED_VARIABLE = YES;
				IPHONEOS_DEPLOYMENT_TARGET = 11.2;
				MTL_ENABLE_DEBUG_INFO = NO;
				SDKROOT = iphoneos;
				SWIFT_OPTIMIZATION_LEVEL = "-Owholemodule";
				VALIDATE_PRODUCT = YES;
			};
			name = Release;
		};
		9B0C31C8201CE4A3005BDBBB /* Debug */ = {
			isa = XCBuildConfiguration;
			buildSettings = {
				ASSETCATALOG_COMPILER_APPICON_NAME = AppIcon;
				CODE_SIGN_STYLE = Automatic;
				DEVELOPMENT_TEAM = R3JQ32F9MD;
				INFOPLIST_FILE = KeyboardObserver/Info.plist;
				LD_RUNPATH_SEARCH_PATHS = "$(inherited) @executable_path/Frameworks";
				PRODUCT_BUNDLE_IDENTIFIER = com.toddkramer.KeyboardObserver;
				PRODUCT_NAME = "$(TARGET_NAME)";
				SWIFT_VERSION = 4.0;
				TARGETED_DEVICE_FAMILY = "1,2";
			};
			name = Debug;
		};
		9B0C31C9201CE4A3005BDBBB /* Release */ = {
			isa = XCBuildConfiguration;
			buildSettings = {
				ASSETCATALOG_COMPILER_APPICON_NAME = AppIcon;
				CODE_SIGN_STYLE = Automatic;
				DEVELOPMENT_TEAM = R3JQ32F9MD;
				INFOPLIST_FILE = KeyboardObserver/Info.plist;
				LD_RUNPATH_SEARCH_PATHS = "$(inherited) @executable_path/Frameworks";
				PRODUCT_BUNDLE_IDENTIFIER = com.toddkramer.KeyboardObserver;
				PRODUCT_NAME = "$(TARGET_NAME)";
				SWIFT_VERSION = 4.0;
				TARGETED_DEVICE_FAMILY = "1,2";
			};
			name = Release;
		};
/* End XCBuildConfiguration section */

/* Begin XCConfigurationList section */
		9B0C31B0201CE4A3005BDBBB /* Build configuration list for PBXProject "KeyboardObserver" */ = {
			isa = XCConfigurationList;
			buildConfigurations = (
				9B0C31C5201CE4A3005BDBBB /* Debug */,
				9B0C31C6201CE4A3005BDBBB /* Release */,
			);
			defaultConfigurationIsVisible = 0;
			defaultConfigurationName = Release;
		};
		9B0C31C7201CE4A3005BDBBB /* Build configuration list for PBXNativeTarget "KeyboardObserver" */ = {
			isa = XCConfigurationList;
			buildConfigurations = (
				9B0C31C8201CE4A3005BDBBB /* Debug */,
				9B0C31C9201CE4A3005BDBBB /* Release */,
			);
			defaultConfigurationIsVisible = 0;
			defaultConfigurationName = Release;
		};
/* End XCConfigurationList section */
	};
	rootObject = 9B0C31AD201CE4A3005BDBBB /* Project object */;
}
