// !$*UTF8*$!
{
	archiveVersion = 1;
	classes = {
	};
	objectVersion = 48;
	objects = {

/* Begin PBXBuildFile section */
		9BDDDBAD1FFC6A030090BDB4 /* AppDelegate.swift in Sources */ = {isa = PBXBuildFile; fileRef = 9BDDDBAC1FFC6A030090BDB4 /* AppDelegate.swift */; };
		9BDDDBAF1FFC6A030090BDB4 /* ViewController.swift in Sources */ = {isa = PBXBuildFile; fileRef = 9BDDDBAE1FFC6A030090BDB4 /* ViewController.swift */; };
		9BDDDBB21FFC6A030090BDB4 /* Main.storyboard in Resources */ = {isa = PBXBuildFile; fileRef = 9BDDDBB01FFC6A030090BDB4 /* Main.storyboard */; };
		9BDDDBB41FFC6A030090BDB4 /* Assets.xcassets in Resources */ = {isa = PBXBuildFile; fileRef = 9BDDDBB31FFC6A030090BDB4 /* Assets.xcassets */; };
		9BDDDBB71FFC6A030090BDB4 /* LaunchScreen.storyboard in Resources */ = {isa = PBXBuildFile; fileRef = 9BDDDBB51FFC6A030090BDB4 /* LaunchScreen.storyboard */; };
		9BDDDBBF1FFC6BFD0090BDB4 /* iOS_Deployment_Business.pdf in Resources */ = {isa = PBXBuildFile; fileRef = 9BDDDBBE1FFC6BFD0090BDB4 /* iOS_Deployment_Business.pdf */; };
/* End PBXBuildFile section */

/* Begin PBXFileReference section */
		9BDDDBA91FFC6A030090BDB4 /* PDFViewer.app */ = {isa = PBXFileReference; explicitFileType = wrapper.application; includeInIndex = 0; path = PDFViewer.app; sourceTree = BUILT_PRODUCTS_DIR; };
		9BDDDBAC1FFC6A030090BDB4 /* AppDelegate.swift */ = {isa = PBXFileReference; lastKnownFileType = sourcecode.swift; path = AppDelegate.swift; sourceTree = "<group>"; };
		9BDDDBAE1FFC6A030090BDB4 /* ViewController.swift */ = {isa = PBXFileReference; lastKnownFileType = sourcecode.swift; path = ViewController.swift; sourceTree = "<group>"; };
		9BDDDBB11FFC6A030090BDB4 /* Base */ = {isa = PBXFileReference; lastKnownFileType = file.storyboard; name = Base; path = Base.lproj/Main.storyboard; sourceTree = "<group>"; };
		9BDDDBB31FFC6A030090BDB4 /* Assets.xcassets */ = {isa = PBXFileReference; lastKnownFileType = folder.assetcatalog; path = Assets.xcassets; sourceTree = "<group>"; };
		9BDDDBB61FFC6A030090BDB4 /* Base */ = {isa = PBXFileReference; lastKnownFileType = file.storyboard; name = Base; path = Base.lproj/LaunchScreen.storyboard; sourceTree = "<group>"; };
		9BDDDBB81FFC6A030090BDB4 /* Info.plist */ = {isa = PBXFileReference; lastKnownFileType = text.plist.xml; path = Info.plist; sourceTree = "<group>"; };
		9BDDDBBE1FFC6BFD0090BDB4 /* iOS_Deployment_Business.pdf */ = {isa = PBXFileReference; lastKnownFileType = image.pdf; path = iOS_Deployment_Business.pdf; sourceTree = "<group>"; };
/* End PBXFileReference section */

/* Begin PBXFrameworksBuildPhase section */
		9BDDDBA61FFC6A030090BDB4 /* Frameworks */ = {
			isa = PBXFrameworksBuildPhase;
			buildActionMask = 2147483647;
			files = (
			);
			runOnlyForDeploymentPostprocessing = 0;
		};
/* End PBXFrameworksBuildPhase section */

/* Begin PBXGroup section */
		9BDDDBA01FFC6A020090BDB4 = {
			isa = PBXGroup;
			children = (
				9BDDDBAB1FFC6A030090BDB4 /* PDFViewer */,
				9BDDDBAA1FFC6A030090BDB4 /* Products */,
			);
			sourceTree = "<group>";
		};
		9BDDDBAA1FFC6A030090BDB4 /* Products */ = {
			isa = PBXGroup;
			children = (
				9BDDDBA91FFC6A030090BDB4 /* PDFViewer.app */,
			);
			name = Products;
			sourceTree = "<group>";
		};
		9BDDDBAB1FFC6A030090BDB4 /* PDFViewer */ = {
			isa = PBXGroup;
			children = (
				9BDDDBAC1FFC6A030090BDB4 /* AppDelegate.swift */,
				9BDDDBAE1FFC6A030090BDB4 /* ViewController.swift */,
				9BDDDBB01FFC6A030090BDB4 /* Main.storyboard */,
				9BDDDBB31FFC6A030090BDB4 /* Assets.xcassets */,
				9BDDDBB51FFC6A030090BDB4 /* LaunchScreen.storyboard */,
				9BDDDBB81FFC6A030090BDB4 /* Info.plist */,
				9BDDDBBE1FFC6BFD0090BDB4 /* iOS_Deployment_Business.pdf */,
			);
			path = PDFViewer;
			sourceTree = "<group>";
		};
/* End PBXGroup section */

/* Begin PBXNativeTarget section */
		9BDDDBA81FFC6A030090BDB4 /* PDFViewer */ = {
			isa = PBXNativeTarget;
			buildConfigurationList = 9BDDDBBB1FFC6A030090BDB4 /* Build configuration list for PBXNativeTarget "PDFViewer" */;
			buildPhases = (
				9BDDDBA51FFC6A030090BDB4 /* Sources */,
				9BDDDBA61FFC6A030090BDB4 /* Frameworks */,
				9BDDDBA71FFC6A030090BDB4 /* Resources */,
			);
			buildRules = (
			);
			dependencies = (
			);
			name = PDFViewer;
			productName = PDFViewer;
			productReference = 9BDDDBA91FFC6A030090BDB4 /* PDFViewer.app */;
			productType = "com.apple.product-type.application";
		};
/* End PBXNativeTarget section */

/* Begin PBXProject section */
		9BDDDBA11FFC6A020090BDB4 /* Project object */ = {
			isa = PBXProject;
			attributes = {
				LastSwiftUpdateCheck = 0920;
				LastUpgradeCheck = 0920;
				ORGANIZATIONNAME = "Todd Kramer";
				TargetAttributes = {
					9BDDDBA81FFC6A030090BDB4 = {
						CreatedOnToolsVersion = 9.2;
						ProvisioningStyle = Automatic;
					};
				};
			};
			buildConfigurationList = 9BDDDBA41FFC6A020090BDB4 /* Build configuration list for PBXProject "PDFViewer" */;
			compatibilityVersion = "Xcode 8.0";
			developmentRegion = en;
			hasScannedForEncodings = 0;
			knownRegions = (
				en,
				Base,
			);
			mainGroup = 9BDDDBA01FFC6A020090BDB4;
			productRefGroup = 9BDDDBAA1FFC6A030090BDB4 /* Products */;
			projectDirPath = "";
			projectRoot = "";
			targets = (
				9BDDDBA81FFC6A030090BDB4 /* PDFViewer */,
			);
		};
/* End PBXProject section */

/* Begin PBXResourcesBuildPhase section */
		9BDDDBA71FFC6A030090BDB4 /* Resources */ = {
			isa = PBXResourcesBuildPhase;
			buildActionMask = 2147483647;
			files = (
				9BDDDBB71FFC6A030090BDB4 /* LaunchScreen.storyboard in Resources */,
				9BDDDBBF1FFC6BFD0090BDB4 /* iOS_Deployment_Business.pdf in Resources */,
				9BDDDBB41FFC6A030090BDB4 /* Assets.xcassets in Resources */,
				9BDDDBB21FFC6A030090BDB4 /* Main.storyboard in Resources */,
			);
			runOnlyForDeploymentPostprocessing = 0;
		};
/* End PBXResourcesBuildPhase section */

/* Begin PBXSourcesBuildPhase section */
		9BDDDBA51FFC6A030090BDB4 /* Sources */ = {
			isa = PBXSourcesBuildPhase;
			buildActionMask = 2147483647;
			files = (
				9BDDDBAF1FFC6A030090BDB4 /* ViewController.swift in Sources */,
				9BDDDBAD1FFC6A030090BDB4 /* AppDelegate.swift in Sources */,
			);
			runOnlyForDeploymentPostprocessing = 0;
		};
/* End PBXSourcesBuildPhase section */

/* Begin PBXVariantGroup section */
		9BDDDBB01FFC6A030090BDB4 /* Main.storyboard */ = {
			isa = PBXVariantGroup;
			children = (
				9BDDDBB11FFC6A030090BDB4 /* Base */,
			);
			name = Main.storyboard;
			sourceTree = "<group>";
		};
		9BDDDBB51FFC6A030090BDB4 /* LaunchScreen.storyboard */ = {
			isa = PBXVariantGroup;
			children = (
				9BDDDBB61FFC6A030090BDB4 /* Base */,
			);
			name = LaunchScreen.storyboard;
			sourceTree = "<group>";
		};
/* End PBXVariantGroup section */

/* Begin XCBuildConfiguration section */
		9BDDDBB91FFC6A030090BDB4 /* Debug */ = {
			isa = XCBuildConfiguration;
			buildSettings = {
				ALWAYS_SEARCH_USER_PATHS = NO;
				CLANG_ANALYZER_NONNULL = YES;
				CLANG_ANALYZER_NUMBER_OBJECT_CONVERSION = YES_AGGRESSIVE;
				CLANG_CXX_LANGUAGE_STANDARD = "gnu++14";
				CLANG_CXX_LIBRARY = "libc++";
				CLANG_ENABLE_MODULES = YES;
				CLANG_ENABLE_OBJC_ARC = YES;
				CLANG_WARN_BLOCK_CAPTURE_AUTORELEASING = YES;
				CLANG_WARN_BOOL_CONVERSION = YES;
				CLANG_WARN_COMMA = YES;
				CLANG_WARN_CONSTANT_CONVERSION = YES;
				CLANG_WARN_DIRECT_OBJC_ISA_USAGE = YES_ERROR;
				CLANG_WARN_DOCUMENTATION_COMMENTS = YES;
				CLANG_WARN_EMPTY_BODY = YES;
				CLANG_WARN_ENUM_CONVERSION = YES;
				CLANG_WARN_INFINITE_RECURSION = YES;
				CLANG_WARN_INT_CONVERSION = YES;
				CLANG_WARN_NON_LITERAL_NULL_CONVERSION = YES;
				CLANG_WARN_OBJC_LITERAL_CONVERSION = YES;
				CLANG_WARN_OBJC_ROOT_CLASS = YES_ERROR;
				CLANG_WARN_RANGE_LOOP_ANALYSIS = YES;
				CLANG_WARN_STRICT_PROTOTYPES = YES;
				CLANG_WARN_SUSPICIOUS_MOVE = YES;
				CLANG_WARN_UNGUARDED_AVAILABILITY = YES_AGGRESSIVE;
				CLANG_WARN_UNREACHABLE_CODE = YES;
				CLANG_WARN__DUPLICATE_METHOD_MATCH = YES;
				CODE_SIGN_IDENTITY = "iPhone Developer";
				COPY_PHASE_STRIP = NO;
				DEBUG_INFORMATION_FORMAT = dwarf;
				ENABLE_STRICT_OBJC_MSGSEND = YES;
				ENABLE_TESTABILITY = YES;
				GCC_C_LANGUAGE_STANDARD = gnu11;
				GCC_DYNAMIC_NO_PIC = NO;
				GCC_NO_COMMON_BLOCKS = YES;
				GCC_OPTIMIZATION_LEVEL = 0;
				GCC_PREPROCESSOR_DEFINITIONS = (
					"DEBUG=1",
					"$(inherited)",
				);
				GCC_WARN_64_TO_32_BIT_CONVERSION = YES;
				GCC_WARN_ABOUT_RETURN_TYPE = YES_ERROR;
				GCC_WARN_UNDECLARED_SELECTOR = YES;
				GCC_WARN_UNINITIALIZED_AUTOS = YES_AGGRESSIVE;
				GCC_WARN_UNUSED_FUNCTION = YES;
				GCC_WARN_UNUSED_VARIABLE = YES;
				IPHONEOS_DEPLOYMENT_TARGET = 11.2;
				MTL_ENABLE_DEBUG_INFO = YES;
				ONLY_ACTIVE_ARCH = YES;
				SDKROOT = iphoneos;
				SWIFT_ACTIVE_COMPILATION_CONDITIONS = DEBUG;
				SWIFT_OPTIMIZATION_LEVEL = "-Onone";
			};
			name = Debug;
		};
		9BDDDBBA1FFC6A030090BDB4 /* Release */ = {
			isa = XCBuildConfiguration;
			buildSettings = {
				ALWAYS_SEARCH_USER_PATHS = NO;
				CLANG_ANALYZER_NONNULL = YES;
				CLANG_ANALYZER_NUMBER_OBJECT_CONVERSION = YES_AGGRESSIVE;
				CLANG_CXX_LANGUAGE_STANDARD = "gnu++14";
				CLANG_CXX_LIBRARY = "libc++";
				CLANG_ENABLE_MODULES = YES;
				CLANG_ENABLE_OBJC_ARC = YES;
				CLANG_WARN_BLOCK_CAPTURE_AUTORELEASING = YES;
				CLANG_WARN_BOOL_CONVERSION = YES;
				CLANG_WARN_COMMA = YES;
				CLANG_WARN_CONSTANT_CONVERSION = YES;
				CLANG_WARN_DIRECT_OBJC_ISA_USAGE = YES_ERROR;
				CLANG_WARN_DOCUMENTATION_COMMENTS = YES;
				CLANG_WARN_EMPTY_BODY = YES;
				CLANG_WARN_ENUM_CONVERSION = YES;
				CLANG_WARN_INFINITE_RECURSION = YES;
				CLANG_WARN_INT_CONVERSION = YES;
				CLANG_WARN_NON_LITERAL_NULL_CONVERSION = YES;
				CLANG_WARN_OBJC_LITERAL_CONVERSION = YES;
				CLANG_WARN_OBJC_ROOT_CLASS = YES_ERROR;
				CLANG_WARN_RANGE_LOOP_ANALYSIS = YES;
				CLANG_WARN_STRICT_PROTOTYPES = YES;
				CLANG_WARN_SUSPICIOUS_MOVE = YES;
				CLANG_WARN_UNGUARDED_AVAILABILITY = YES_AGGRESSIVE;
				CLANG_WARN_UNREACHABLE_CODE = YES;
				CLANG_WARN__DUPLICATE_METHOD_MATCH = YES;
				CODE_SIGN_IDENTITY = "iPhone Developer";
				COPY_PHASE_STRIP = NO;
				DEBUG_INFORMATION_FORMAT = "dwarf-with-dsym";
				ENABLE_NS_ASSERTIONS = NO;
				ENABLE_STRICT_OBJC_MSGSEND = YES;
				GCC_C_LANGUAGE_STANDARD = gnu11;
				GCC_NO_COMMON_BLOCKS = YES;
				GCC_WARN_64_TO_32_BIT_CONVERSION = YES;
				GCC_WARN_ABOUT_RETURN_TYPE = YES_ERROR;
				GCC_WARN_UNDECLARED_SELECTOR = YES;
				GCC_WARN_UNINITIALIZED_AUTOS = YES_AGGRESSIVE;
				GCC_WARN_UNUSED_FUNCTION = YES;
				GCC_WARN_UNUSED_VARIABLE = YES;
				IPHONEOS_DEPLOYMENT_TARGET = 11.2;
				MTL_ENABLE_DEBUG_INFO = NO;
				SDKROOT = iphoneos;
				SWIFT_OPTIMIZATION_LEVEL = "-Owholemodule";
				VALIDATE_PRODUCT = YES;
			};
			name = Release;
		};
		9BDDDBBC1FFC6A030090BDB4 /* Debug */ = {
			isa = XCBuildConfiguration;
			buildSettings = {
				ASSETCATALOG_COMPILER_APPICON_NAME = AppIcon;
				CODE_SIGN_STYLE = Automatic;
				DEVELOPMENT_TEAM = R3JQ32F9MD;
				INFOPLIST_FILE = PDFViewer/Info.plist;
				IPHONEOS_DEPLOYMENT_TARGET = 11.0;
				LD_RUNPATH_SEARCH_PATHS = "$(inherited) @executable_path/Frameworks";
				PRODUCT_BUNDLE_IDENTIFIER = com.toddkramer.PDFViewer;
				PRODUCT_NAME = "$(TARGET_NAME)";
				SWIFT_VERSION = 4.0;
				TARGETED_DEVICE_FAMILY = "1,2";
			};
			name = Debug;
		};
		9BDDDBBD1FFC6A030090BDB4 /* Release */ = {
			isa = XCBuildConfiguration;
			buildSettings = {
				ASSETCATALOG_COMPILER_APPICON_NAME = AppIcon;
				CODE_SIGN_STYLE = Automatic;
				DEVELOPMENT_TEAM = R3JQ32F9MD;
				INFOPLIST_FILE = PDFViewer/Info.plist;
				IPHONEOS_DEPLOYMENT_TARGET = 11.0;
				LD_RUNPATH_SEARCH_PATHS = "$(inherited) @executable_path/Frameworks";
				PRODUCT_BUNDLE_IDENTIFIER = com.toddkramer.PDFViewer;
				PRODUCT_NAME = "$(TARGET_NAME)";
				SWIFT_VERSION = 4.0;
				TARGETED_DEVICE_FAMILY = "1,2";
			};
			name = Release;
		};
/* End XCBuildConfiguration section */

/* Begin XCConfigurationList section */
		9BDDDBA41FFC6A020090BDB4 /* Build configuration list for PBXProject "PDFViewer" */ = {
			isa = XCConfigurationList;
			buildConfigurations = (
				9BDDDBB91FFC6A030090BDB4 /* Debug */,
				9BDDDBBA1FFC6A030090BDB4 /* Release */,
			);
			defaultConfigurationIsVisible = 0;
			defaultConfigurationName = Release;
		};
		9BDDDBBB1FFC6A030090BDB4 /* Build configuration list for PBXNativeTarget "PDFViewer" */ = {
			isa = XCConfigurationList;
			buildConfigurations = (
				9BDDDBBC1FFC6A030090BDB4 /* Debug */,
				9BDDDBBD1FFC6A030090BDB4 /* Release */,
			);
			defaultConfigurationIsVisible = 0;
			defaultConfigurationName = Release;
		};
/* End XCConfigurationList section */
	};
	rootObject = 9BDDDBA11FFC6A020090BDB4 /* Project object */;
}
